
Microsoft Visual Studio Solution File, Format Version 12.00
# Visual Studio Version 17
VisualStudioVersion = 17.7.34031.279
MinimumVisualStudioVersion = 10.0.40219.1
Project("{9A19103F-16F7-4668-BE54-9A1E7A4F7556}") = "Framework", "Framework\Framework.csproj", "{A421A2F8-57FC-433A-921C-B211499342F4}"
EndProject
Project("{2150E333-8FDC-42A3-9474-1A3956D46DE8}") = "Examples", "Examples", "{86E83C5C-AD8F-4A16-B43B-B91F36BD44BA}"
EndProject
Project("{2150E333-8FDC-42A3-9474-1A3956D46DE8}") = "101_Fundamentals", "101_Fundamentals", "{8CF3BF55-74D3-472C-AFED-88740F464190}"
EndProject
Project("{9A19103F-16F7-4668-BE54-9A1E7A4F7556}") = "001_HelloWindow", "001_HelloWindow\001_HelloWindow.csproj", "{4F722412-FF3F-45E1-B7B9-70A08FC900C5}"
EndProject
Project("{9A19103F-16F7-4668-BE54-9A1E7A4F7556}") = "002_HelloSwapBuffers", "002_HelloSwapBuffers\002_HelloSwapBuffers.csproj", "{28B80D01-E487-483B-92A1-08AD806543C6}"
EndProject
Project("{9A19103F-16F7-4668-BE54-9A1E7A4F7556}") = "003_HelloTriangle", "003_HelloTriangle\003_HelloTriangle.csproj", "{B12B0794-2F24-4D50-8FAC-6734E44D13B5}"
EndProject
Project("{9A19103F-16F7-4668-BE54-9A1E7A4F7556}") = "004_HelloShader", "004_HelloShader\004_HelloShader.csproj", "{1A350BD9-E12A-4347-901D-43934BDB0F49}"
EndProject
Project("{9A19103F-16F7-4668-BE54-9A1E7A4F7556}") = "005_HelloUniform", "005_HelloUniform\005_HelloUniform.csproj", "{E4A86D5C-EC17-4E09-9B4A-915DBD4164B2}"
EndProject
Project("{9A19103F-16F7-4668-BE54-9A1E7A4F7556}") = "006_HelloAttributes", "006_HelloAttributes\006_HelloAttributes.csproj", "{6BD064CF-2A97-46E3-8059-255D2716C453}"
EndProject
Project("{9A19103F-16F7-4668-BE54-9A1E7A4F7556}") = "007_HelloTexture", "007_HelloTexture\007_HelloTexture.csproj", "{0770FEC8-470E-4487-834C-30F90707E949}"
EndProject
Project("{9A19103F-16F7-4668-BE54-9A1E7A4F7556}") = "008_HelloIndex", "008_HelloIndex\008_HelloIndex.csproj", "{C550B52A-26CB-4EF6-9B65-1FC9A7D84CBE}"
EndProject
Project("{9A19103F-16F7-4668-BE54-9A1E7A4F7556}") = "009_HelloMesh", "009_HelloMesh\009_HelloMesh.csproj", "{4D9A7E86-9BE2-4F90-87FE-5C015F15C4AF}"
EndProject
Project("{9A19103F-16F7-4668-BE54-9A1E7A4F7556}") = "010_HelloTransformation", "010_HelloTransformation\010_HelloTransformation.csproj", "{DCE49CBF-49FB-4D4C-A74C-61F890ED7DC9}"
EndProject
Project("{9A19103F-16F7-4668-BE54-9A1E7A4F7556}") = "011_HelloCamera", "011_HelloCamera\011_HelloCamera.csproj", "{1A99A883-7F9A-42BF-A2FA-F6D19F0B94DA}"
EndProject
Project("{9A19103F-16F7-4668-BE54-9A1E7A4F7556}") = "012_HelloGUI", "012_HelloGUI\012_HelloGUI.csproj", "{5FFB7D45-E521-46FA-B805-CD72C604E6B7}"
EndProject
Global
	GlobalSection(SolutionConfigurationPlatforms) = preSolution
		Debug|Any CPU = Debug|Any CPU
		Release|Any CPU = Release|Any CPU
	EndGlobalSection
	GlobalSection(ProjectConfigurationPlatforms) = postSolution
		{A421A2F8-57FC-433A-921C-B211499342F4}.Debug|Any CPU.ActiveCfg = Debug|Any CPU
		{A421A2F8-57FC-433A-921C-B211499342F4}.Debug|Any CPU.Build.0 = Debug|Any CPU
		{A421A2F8-57FC-433A-921C-B211499342F4}.Release|Any CPU.ActiveCfg = Release|Any CPU
		{A421A2F8-57FC-433A-921C-B211499342F4}.Release|Any CPU.Build.0 = Release|Any CPU
		{4F722412-FF3F-45E1-B7B9-70A08FC900C5}.Debug|Any CPU.ActiveCfg = Debug|Any CPU
		{4F722412-FF3F-45E1-B7B9-70A08FC900C5}.Debug|Any CPU.Build.0 = Debug|Any CPU
		{4F722412-FF3F-45E1-B7B9-70A08FC900C5}.Release|Any CPU.ActiveCfg = Release|Any CPU
		{4F722412-FF3F-45E1-B7B9-70A08FC900C5}.Release|Any CPU.Build.0 = Release|Any CPU
		{28B80D01-E487-483B-92A1-08AD806543C6}.Debug|Any CPU.ActiveCfg = Debug|Any CPU
		{28B80D01-E487-483B-92A1-08AD806543C6}.Debug|Any CPU.Build.0 = Debug|Any CPU
		{28B80D01-E487-483B-92A1-08AD806543C6}.Release|Any CPU.ActiveCfg = Release|Any CPU
		{28B80D01-E487-483B-92A1-08AD806543C6}.Release|Any CPU.Build.0 = Release|Any CPU
		{B12B0794-2F24-4D50-8FAC-6734E44D13B5}.Debug|Any CPU.ActiveCfg = Debug|Any CPU
		{B12B0794-2F24-4D50-8FAC-6734E44D13B5}.Debug|Any CPU.Build.0 = Debug|Any CPU
		{B12B0794-2F24-4D50-8FAC-6734E44D13B5}.Release|Any CPU.ActiveCfg = Release|Any CPU
		{B12B0794-2F24-4D50-8FAC-6734E44D13B5}.Release|Any CPU.Build.0 = Release|Any CPU
		{1A350BD9-E12A-4347-901D-43934BDB0F49}.Debug|Any CPU.ActiveCfg = Debug|Any CPU
		{1A350BD9-E12A-4347-901D-43934BDB0F49}.Debug|Any CPU.Build.0 = Debug|Any CPU
		{1A350BD9-E12A-4347-901D-43934BDB0F49}.Release|Any CPU.ActiveCfg = Release|Any CPU
		{1A350BD9-E12A-4347-901D-43934BDB0F49}.Release|Any CPU.Build.0 = Release|Any CPU
		{E4A86D5C-EC17-4E09-9B4A-915DBD4164B2}.Debug|Any CPU.ActiveCfg = Debug|Any CPU
		{E4A86D5C-EC17-4E09-9B4A-915DBD4164B2}.Debug|Any CPU.Build.0 = Debug|Any CPU
		{E4A86D5C-EC17-4E09-9B4A-915DBD4164B2}.Release|Any CPU.ActiveCfg = Release|Any CPU
		{E4A86D5C-EC17-4E09-9B4A-915DBD4164B2}.Release|Any CPU.Build.0 = Release|Any CPU
		{6BD064CF-2A97-46E3-8059-255D2716C453}.Debug|Any CPU.ActiveCfg = Debug|Any CPU
		{6BD064CF-2A97-46E3-8059-255D2716C453}.Debug|Any CPU.Build.0 = Debug|Any CPU
		{6BD064CF-2A97-46E3-8059-255D2716C453}.Release|Any CPU.ActiveCfg = Release|Any CPU
		{6BD064CF-2A97-46E3-8059-255D2716C453}.Release|Any CPU.Build.0 = Release|Any CPU
		{0770FEC8-470E-4487-834C-30F90707E949}.Debug|Any CPU.ActiveCfg = Debug|Any CPU
		{0770FEC8-470E-4487-834C-30F90707E949}.Debug|Any CPU.Build.0 = Debug|Any CPU
		{0770FEC8-470E-4487-834C-30F90707E949}.Release|Any CPU.ActiveCfg = Release|Any CPU
		{0770FEC8-470E-4487-834C-30F90707E949}.Release|Any CPU.Build.0 = Release|Any CPU
		{C550B52A-26CB-4EF6-9B65-1FC9A7D84CBE}.Debug|Any CPU.ActiveCfg = Debug|Any CPU
		{C550B52A-26CB-4EF6-9B65-1FC9A7D84CBE}.Debug|Any CPU.Build.0 = Debug|Any CPU
		{C550B52A-26CB-4EF6-9B65-1FC9A7D84CBE}.Release|Any CPU.ActiveCfg = Release|Any CPU
		{C550B52A-26CB-4EF6-9B65-1FC9A7D84CBE}.Release|Any CPU.Build.0 = Release|Any CPU
		{4D9A7E86-9BE2-4F90-87FE-5C015F15C4AF}.Debug|Any CPU.ActiveCfg = Debug|Any CPU
		{4D9A7E86-9BE2-4F90-87FE-5C015F15C4AF}.Debug|Any CPU.Build.0 = Debug|Any CPU
		{4D9A7E86-9BE2-4F90-87FE-5C015F15C4AF}.Release|Any CPU.ActiveCfg = Release|Any CPU
		{4D9A7E86-9BE2-4F90-87FE-5C015F15C4AF}.Release|Any CPU.Build.0 = Release|Any CPU
		{DCE49CBF-49FB-4D4C-A74C-61F890ED7DC9}.Debug|Any CPU.ActiveCfg = Debug|Any CPU
		{DCE49CBF-49FB-4D4C-A74C-61F890ED7DC9}.Debug|Any CPU.Build.0 = Debug|Any CPU
		{DCE49CBF-49FB-4D4C-A74C-61F890ED7DC9}.Release|Any CPU.ActiveCfg = Release|Any CPU
		{DCE49CBF-49FB-4D4C-A74C-61F890ED7DC9}.Release|Any CPU.Build.0 = Release|Any CPU
		{1A99A883-7F9A-42BF-A2FA-F6D19F0B94DA}.Debug|Any CPU.ActiveCfg = Debug|Any CPU
		{1A99A883-7F9A-42BF-A2FA-F6D19F0B94DA}.Debug|Any CPU.Build.0 = Debug|Any CPU
		{1A99A883-7F9A-42BF-A2FA-F6D19F0B94DA}.Release|Any CPU.ActiveCfg = Release|Any CPU
		{1A99A883-7F9A-42BF-A2FA-F6D19F0B94DA}.Release|Any CPU.Build.0 = Release|Any CPU
		{5FFB7D45-E521-46FA-B805-CD72C604E6B7}.Debug|Any CPU.ActiveCfg = Debug|Any CPU
		{5FFB7D45-E521-46FA-B805-CD72C604E6B7}.Debug|Any CPU.Build.0 = Debug|Any CPU
		{5FFB7D45-E521-46FA-B805-CD72C604E6B7}.Release|Any CPU.ActiveCfg = Release|Any CPU
		{5FFB7D45-E521-46FA-B805-CD72C604E6B7}.Release|Any CPU.Build.0 = Release|Any CPU
	EndGlobalSection
	GlobalSection(SolutionProperties) = preSolution
		HideSolutionNode = FALSE
	EndGlobalSection
	GlobalSection(NestedProjects) = preSolution
		{8CF3BF55-74D3-472C-AFED-88740F464190} = {86E83C5C-AD8F-4A16-B43B-B91F36BD44BA}
		{4F722412-FF3F-45E1-B7B9-70A08FC900C5} = {8CF3BF55-74D3-472C-AFED-88740F464190}
		{28B80D01-E487-483B-92A1-08AD806543C6} = {8CF3BF55-74D3-472C-AFED-88740F464190}
		{B12B0794-2F24-4D50-8FAC-6734E44D13B5} = {8CF3BF55-74D3-472C-AFED-88740F464190}
		{1A350BD9-E12A-4347-901D-43934BDB0F49} = {8CF3BF55-74D3-472C-AFED-88740F464190}
		{E4A86D5C-EC17-4E09-9B4A-915DBD4164B2} = {8CF3BF55-74D3-472C-AFED-88740F464190}
		{6BD064CF-2A97-46E3-8059-255D2716C453} = {8CF3BF55-74D3-472C-AFED-88740F464190}
		{0770FEC8-470E-4487-834C-30F90707E949} = {8CF3BF55-74D3-472C-AFED-88740F464190}
		{C550B52A-26CB-4EF6-9B65-1FC9A7D84CBE} = {8CF3BF55-74D3-472C-AFED-88740F464190}
		{4D9A7E86-9BE2-4F90-87FE-5C015F15C4AF} = {8CF3BF55-74D3-472C-AFED-88740F464190}
		{DCE49CBF-49FB-4D4C-A74C-61F890ED7DC9} = {8CF3BF55-74D3-472C-AFED-88740F464190}
		{1A99A883-7F9A-42BF-A2FA-F6D19F0B94DA} = {8CF3BF55-74D3-472C-AFED-88740F464190}
		{5FFB7D45-E521-46FA-B805-CD72C604E6B7} = {8CF3BF55-74D3-472C-AFED-88740F464190}
	EndGlobalSection
	GlobalSection(ExtensibilityGlobals) = postSolution
		SolutionGuid = {5A6D0E7D-1248-4422-801D-AEEBD3E7AA0C}
	EndGlobalSection
EndGlobal
