
Microsoft Visual Studio Solution File, Format Version 12.00
# Visual Studio Version 17
VisualStudioVersion = 17.7.34031.279
MinimumVisualStudioVersion = 10.0.40219.1
Project("{9A19103F-16F7-4668-BE54-9A1E7A4F7556}") = "Framework", "Framework\Framework.csproj", "{A421A2F8-57FC-433A-921C-B211499342F4}"
EndProject
Project("{2150E333-8FDC-42A3-9474-1A3956D46DE8}") = "Examples", "Examples", "{86E83C5C-AD8F-4A16-B43B-B91F36BD44BA}"
EndProject
Project("{2150E333-8FDC-42A3-9474-1A3956D46DE8}") = "101_Fundamentals", "101_Fundamentals", "{8CF3BF55-74D3-472C-AFED-88740F464190}"
EndProject
Project("{9A19103F-16F7-4668-BE54-9A1E7A4F7556}") = "001_HelloWindow", "001_HelloWindow\001_HelloWindow.csproj", "{4F722412-FF3F-45E1-B7B9-70A08FC900C5}"
EndProject
Project("{9A19103F-16F7-4668-BE54-9A1E7A4F7556}") = "002_HelloSwapBuffers", "002_HelloSwapBuffers\002_HelloSwapBuffers.csproj", "{28B80D01-E487-483B-92A1-08AD806543C6}"
EndProject
Project("{9A19103F-16F7-4668-BE54-9A1E7A4F7556}") = "003_HelloTriangle", "003_HelloTriangle\003_HelloTriangle.csproj", "{B12B0794-2F24-4D50-8FAC-6734E44D13B5}"
EndProject
Project("{9A19103F-16F7-4668-BE54-9A1E7A4F7556}") = "004_HelloShader", "004_HelloShader\004_HelloShader.csproj", "{1A350BD9-E12A-4347-901D-43934BDB0F49}"
EndProject
Project("{9A19103F-16F7-4668-BE54-9A1E7A4F7556}") = "005_HelloUniform", "005_HelloUniform\005_HelloUniform.csproj", "{E4A86D5C-EC17-4E09-9B4A-915DBD4164B2}"
EndProject
Project("{9A19103F-16F7-4668-BE54-9A1E7A4F7556}") = "006_HelloAttributes", "006_HelloAttributes\006_HelloAttributes.csproj", "{6BD064CF-2A97-46E3-8059-255D2716C453}"
EndProject
Project("{9A19103F-16F7-4668-BE54-9A1E7A4F7556}") = "007_HelloTexture", "007_HelloTexture\007_HelloTexture.csproj", "{0770FEC8-470E-4487-834C-30F90707E949}"
EndProject
Project("{9A19103F-16F7-4668-BE54-9A1E7A4F7556}") = "008_HelloIndex", "008_HelloIndex\008_HelloIndex.csproj", "{C550B52A-26CB-4EF6-9B65-1FC9A7D84CBE}"
EndProject
Project("{9A19103F-16F7-4668-BE54-9A1E7A4F7556}") = "009_HelloMesh", "009_HelloMesh\009_HelloMesh.csproj", "{4D9A7E86-9BE2-4F90-87FE-5C015F15C4AF}"
EndProject
Project("{9A19103F-16F7-4668-BE54-9A1E7A4F7556}") = "010_HelloTransformation", "010_HelloTransformation\010_HelloTransformation.csproj", "{DCE49CBF-49FB-4D4C-A74C-61F890ED7DC9}"
EndProject
Project("{9A19103F-16F7-4668-BE54-9A1E7A4F7556}") = "011_HelloCamera", "011_HelloCamera\011_HelloCamera.csproj", "{1A99A883-7F9A-42BF-A2FA-F6D19F0B94DA}"
EndProject
Project("{9A19103F-16F7-4668-BE54-9A1E7A4F7556}") = "012_HelloGUI", "012_HelloGUI\012_HelloGUI.csproj", "{5FFB7D45-E521-46FA-B805-CD72C604E6B7}"
EndProject
Project("{9A19103F-16F7-4668-BE54-9A1E7A4F7556}") = "013_HelloLight", "013_HelloLight\013_HelloLight.csproj", "{B5D24C5C-2992-41B9-8AC2-C9F7E2EF3F01}"
EndProject
Project("{9A19103F-16F7-4668-BE54-9A1E7A4F7556}") = "0xx_Tests", "0xx_Tests\0xx_Tests.csproj", "{8E2CDAB8-F240-46DF-86A4-BBE09DF35BF2}"
EndProject
Project("{9A19103F-16F7-4668-BE54-9A1E7A4F7556}") = "003_HelloTrianglePOO", "003_HelloTrianglePOO\003_HelloTrianglePOO.csproj", "{07237153-BA75-4B35-8CB3-6B25B8EDED51}"
EndProject
Project("{9A19103F-16F7-4668-BE54-9A1E7A4F7556}") = "008_HelloIndexOOP", "008_HelloIndexOOP\008_HelloIndexOOP.csproj", "{D2920C6B-AD60-4539-B7BA-9736E4919F78}"
EndProject
Project("{9A19103F-16F7-4668-BE54-9A1E7A4F7556}") = "008_HelloIndexOOP_PositionNonInterleaved", "008_HelloIndexOOP_PositionNonInterleaved\008_HelloIndexOOP_PositionNonInterleaved.csproj", "{0899119F-356C-48C3-93D9-82E0B7038A16}"
EndProject
Project("{9A19103F-16F7-4668-BE54-9A1E7A4F7556}") = "008_HelloIndexOOP_AllNonInterleaved", "008_HelloIndexOOP_AllNonInterleaved\008_HelloIndexOOP_AllNonInterleaved.csproj", "{C63A31AB-96C7-470F-B344-A743658932DE}"
EndProject
Project("{9A19103F-16F7-4668-BE54-9A1E7A4F7556}") = "014_HelloMaterial", "014_HelloMaterial\014_HelloMaterial.csproj", "{BD425929-5A16-4883-8D02-1E1EA76C7C84}"
EndProject
Project("{9A19103F-16F7-4668-BE54-9A1E7A4F7556}") = "SandboxApp", "SandboxApp\SandboxApp.csproj", "{C8C5568B-6CA3-4DB1-B5E0-0E83394B4553}"
EndProject
Project("{2150E333-8FDC-42A3-9474-1A3956D46DE8}") = "Solution Items", "Solution Items", "{46668957-DC95-4EA9-8F83-5EA041D44F25}"
	ProjectSection(SolutionItems) = preProject
		.editorconfig = .editorconfig
	EndProjectSection
EndProject
Project("{9A19103F-16F7-4668-BE54-9A1E7A4F7556}") = "ExamplesCommon", "ExamplesCommon\ExamplesCommon.csproj", "{1E267773-06AF-403B-8568-F017273BDA8A}"
EndProject
Project("{FAE04EC0-301F-11D3-BF4B-00C04F79EFBC}") = "015_HelloScene", "015_HelloScene\015_HelloScene.csproj", "{F8B78643-AFC6-45F8-B3B3-45D82D56122A}"
EndProject
Global
	GlobalSection(SolutionConfigurationPlatforms) = preSolution
		Debug|Any CPU = Debug|Any CPU
		Debug|x64 = Debug|x64
		Debug|x86 = Debug|x86
		Release|Any CPU = Release|Any CPU
		Release|x64 = Release|x64
		Release|x86 = Release|x86
	EndGlobalSection
	GlobalSection(ProjectConfigurationPlatforms) = postSolution
		{A421A2F8-57FC-433A-921C-B211499342F4}.Debug|Any CPU.ActiveCfg = Debug|Any CPU
		{A421A2F8-57FC-433A-921C-B211499342F4}.Debug|Any CPU.Build.0 = Debug|Any CPU
		{A421A2F8-57FC-433A-921C-B211499342F4}.Debug|x64.ActiveCfg = Debug|Any CPU
		{A421A2F8-57FC-433A-921C-B211499342F4}.Debug|x64.Build.0 = Debug|Any CPU
		{A421A2F8-57FC-433A-921C-B211499342F4}.Debug|x86.ActiveCfg = Debug|Any CPU
		{A421A2F8-57FC-433A-921C-B211499342F4}.Debug|x86.Build.0 = Debug|Any CPU
		{A421A2F8-57FC-433A-921C-B211499342F4}.Release|Any CPU.ActiveCfg = Release|Any CPU
		{A421A2F8-57FC-433A-921C-B211499342F4}.Release|Any CPU.Build.0 = Release|Any CPU
		{A421A2F8-57FC-433A-921C-B211499342F4}.Release|x64.ActiveCfg = Release|Any CPU
		{A421A2F8-57FC-433A-921C-B211499342F4}.Release|x64.Build.0 = Release|Any CPU
		{A421A2F8-57FC-433A-921C-B211499342F4}.Release|x86.ActiveCfg = Release|Any CPU
		{A421A2F8-57FC-433A-921C-B211499342F4}.Release|x86.Build.0 = Release|Any CPU
		{4F722412-FF3F-45E1-B7B9-70A08FC900C5}.Debug|Any CPU.ActiveCfg = Debug|Any CPU
		{4F722412-FF3F-45E1-B7B9-70A08FC900C5}.Debug|Any CPU.Build.0 = Debug|Any CPU
		{4F722412-FF3F-45E1-B7B9-70A08FC900C5}.Debug|x64.ActiveCfg = Debug|Any CPU
		{4F722412-FF3F-45E1-B7B9-70A08FC900C5}.Debug|x64.Build.0 = Debug|Any CPU
		{4F722412-FF3F-45E1-B7B9-70A08FC900C5}.Debug|x86.ActiveCfg = Debug|Any CPU
		{4F722412-FF3F-45E1-B7B9-70A08FC900C5}.Debug|x86.Build.0 = Debug|Any CPU
		{4F722412-FF3F-45E1-B7B9-70A08FC900C5}.Release|Any CPU.ActiveCfg = Release|Any CPU
		{4F722412-FF3F-45E1-B7B9-70A08FC900C5}.Release|Any CPU.Build.0 = Release|Any CPU
		{4F722412-FF3F-45E1-B7B9-70A08FC900C5}.Release|x64.ActiveCfg = Release|Any CPU
		{4F722412-FF3F-45E1-B7B9-70A08FC900C5}.Release|x64.Build.0 = Release|Any CPU
		{4F722412-FF3F-45E1-B7B9-70A08FC900C5}.Release|x86.ActiveCfg = Release|Any CPU
		{4F722412-FF3F-45E1-B7B9-70A08FC900C5}.Release|x86.Build.0 = Release|Any CPU
		{28B80D01-E487-483B-92A1-08AD806543C6}.Debug|Any CPU.ActiveCfg = Debug|Any CPU
		{28B80D01-E487-483B-92A1-08AD806543C6}.Debug|Any CPU.Build.0 = Debug|Any CPU
		{28B80D01-E487-483B-92A1-08AD806543C6}.Debug|x64.ActiveCfg = Debug|Any CPU
		{28B80D01-E487-483B-92A1-08AD806543C6}.Debug|x64.Build.0 = Debug|Any CPU
		{28B80D01-E487-483B-92A1-08AD806543C6}.Debug|x86.ActiveCfg = Debug|Any CPU
		{28B80D01-E487-483B-92A1-08AD806543C6}.Debug|x86.Build.0 = Debug|Any CPU
		{28B80D01-E487-483B-92A1-08AD806543C6}.Release|Any CPU.ActiveCfg = Release|Any CPU
		{28B80D01-E487-483B-92A1-08AD806543C6}.Release|Any CPU.Build.0 = Release|Any CPU
		{28B80D01-E487-483B-92A1-08AD806543C6}.Release|x64.ActiveCfg = Release|Any CPU
		{28B80D01-E487-483B-92A1-08AD806543C6}.Release|x64.Build.0 = Release|Any CPU
		{28B80D01-E487-483B-92A1-08AD806543C6}.Release|x86.ActiveCfg = Release|Any CPU
		{28B80D01-E487-483B-92A1-08AD806543C6}.Release|x86.Build.0 = Release|Any CPU
		{B12B0794-2F24-4D50-8FAC-6734E44D13B5}.Debug|Any CPU.ActiveCfg = Debug|Any CPU
		{B12B0794-2F24-4D50-8FAC-6734E44D13B5}.Debug|Any CPU.Build.0 = Debug|Any CPU
		{B12B0794-2F24-4D50-8FAC-6734E44D13B5}.Debug|x64.ActiveCfg = Debug|Any CPU
		{B12B0794-2F24-4D50-8FAC-6734E44D13B5}.Debug|x64.Build.0 = Debug|Any CPU
		{B12B0794-2F24-4D50-8FAC-6734E44D13B5}.Debug|x86.ActiveCfg = Debug|Any CPU
		{B12B0794-2F24-4D50-8FAC-6734E44D13B5}.Debug|x86.Build.0 = Debug|Any CPU
		{B12B0794-2F24-4D50-8FAC-6734E44D13B5}.Release|Any CPU.ActiveCfg = Release|Any CPU
		{B12B0794-2F24-4D50-8FAC-6734E44D13B5}.Release|Any CPU.Build.0 = Release|Any CPU
		{B12B0794-2F24-4D50-8FAC-6734E44D13B5}.Release|x64.ActiveCfg = Release|Any CPU
		{B12B0794-2F24-4D50-8FAC-6734E44D13B5}.Release|x64.Build.0 = Release|Any CPU
		{B12B0794-2F24-4D50-8FAC-6734E44D13B5}.Release|x86.ActiveCfg = Release|Any CPU
		{B12B0794-2F24-4D50-8FAC-6734E44D13B5}.Release|x86.Build.0 = Release|Any CPU
		{1A350BD9-E12A-4347-901D-43934BDB0F49}.Debug|Any CPU.ActiveCfg = Debug|Any CPU
		{1A350BD9-E12A-4347-901D-43934BDB0F49}.Debug|Any CPU.Build.0 = Debug|Any CPU
		{1A350BD9-E12A-4347-901D-43934BDB0F49}.Debug|x64.ActiveCfg = Debug|Any CPU
		{1A350BD9-E12A-4347-901D-43934BDB0F49}.Debug|x64.Build.0 = Debug|Any CPU
		{1A350BD9-E12A-4347-901D-43934BDB0F49}.Debug|x86.ActiveCfg = Debug|Any CPU
		{1A350BD9-E12A-4347-901D-43934BDB0F49}.Debug|x86.Build.0 = Debug|Any CPU
		{1A350BD9-E12A-4347-901D-43934BDB0F49}.Release|Any CPU.ActiveCfg = Release|Any CPU
		{1A350BD9-E12A-4347-901D-43934BDB0F49}.Release|Any CPU.Build.0 = Release|Any CPU
		{1A350BD9-E12A-4347-901D-43934BDB0F49}.Release|x64.ActiveCfg = Release|Any CPU
		{1A350BD9-E12A-4347-901D-43934BDB0F49}.Release|x64.Build.0 = Release|Any CPU
		{1A350BD9-E12A-4347-901D-43934BDB0F49}.Release|x86.ActiveCfg = Release|Any CPU
		{1A350BD9-E12A-4347-901D-43934BDB0F49}.Release|x86.Build.0 = Release|Any CPU
		{E4A86D5C-EC17-4E09-9B4A-915DBD4164B2}.Debug|Any CPU.ActiveCfg = Debug|Any CPU
		{E4A86D5C-EC17-4E09-9B4A-915DBD4164B2}.Debug|Any CPU.Build.0 = Debug|Any CPU
		{E4A86D5C-EC17-4E09-9B4A-915DBD4164B2}.Debug|x64.ActiveCfg = Debug|Any CPU
		{E4A86D5C-EC17-4E09-9B4A-915DBD4164B2}.Debug|x64.Build.0 = Debug|Any CPU
		{E4A86D5C-EC17-4E09-9B4A-915DBD4164B2}.Debug|x86.ActiveCfg = Debug|Any CPU
		{E4A86D5C-EC17-4E09-9B4A-915DBD4164B2}.Debug|x86.Build.0 = Debug|Any CPU
		{E4A86D5C-EC17-4E09-9B4A-915DBD4164B2}.Release|Any CPU.ActiveCfg = Release|Any CPU
		{E4A86D5C-EC17-4E09-9B4A-915DBD4164B2}.Release|Any CPU.Build.0 = Release|Any CPU
		{E4A86D5C-EC17-4E09-9B4A-915DBD4164B2}.Release|x64.ActiveCfg = Release|Any CPU
		{E4A86D5C-EC17-4E09-9B4A-915DBD4164B2}.Release|x64.Build.0 = Release|Any CPU
		{E4A86D5C-EC17-4E09-9B4A-915DBD4164B2}.Release|x86.ActiveCfg = Release|Any CPU
		{E4A86D5C-EC17-4E09-9B4A-915DBD4164B2}.Release|x86.Build.0 = Release|Any CPU
		{6BD064CF-2A97-46E3-8059-255D2716C453}.Debug|Any CPU.ActiveCfg = Debug|Any CPU
		{6BD064CF-2A97-46E3-8059-255D2716C453}.Debug|Any CPU.Build.0 = Debug|Any CPU
		{6BD064CF-2A97-46E3-8059-255D2716C453}.Debug|x64.ActiveCfg = Debug|Any CPU
		{6BD064CF-2A97-46E3-8059-255D2716C453}.Debug|x64.Build.0 = Debug|Any CPU
		{6BD064CF-2A97-46E3-8059-255D2716C453}.Debug|x86.ActiveCfg = Debug|Any CPU
		{6BD064CF-2A97-46E3-8059-255D2716C453}.Debug|x86.Build.0 = Debug|Any CPU
		{6BD064CF-2A97-46E3-8059-255D2716C453}.Release|Any CPU.ActiveCfg = Release|Any CPU
		{6BD064CF-2A97-46E3-8059-255D2716C453}.Release|Any CPU.Build.0 = Release|Any CPU
		{6BD064CF-2A97-46E3-8059-255D2716C453}.Release|x64.ActiveCfg = Release|Any CPU
		{6BD064CF-2A97-46E3-8059-255D2716C453}.Release|x64.Build.0 = Release|Any CPU
		{6BD064CF-2A97-46E3-8059-255D2716C453}.Release|x86.ActiveCfg = Release|Any CPU
		{6BD064CF-2A97-46E3-8059-255D2716C453}.Release|x86.Build.0 = Release|Any CPU
		{0770FEC8-470E-4487-834C-30F90707E949}.Debug|Any CPU.ActiveCfg = Debug|Any CPU
		{0770FEC8-470E-4487-834C-30F90707E949}.Debug|Any CPU.Build.0 = Debug|Any CPU
		{0770FEC8-470E-4487-834C-30F90707E949}.Debug|x64.ActiveCfg = Debug|Any CPU
		{0770FEC8-470E-4487-834C-30F90707E949}.Debug|x64.Build.0 = Debug|Any CPU
		{0770FEC8-470E-4487-834C-30F90707E949}.Debug|x86.ActiveCfg = Debug|Any CPU
		{0770FEC8-470E-4487-834C-30F90707E949}.Debug|x86.Build.0 = Debug|Any CPU
		{0770FEC8-470E-4487-834C-30F90707E949}.Release|Any CPU.ActiveCfg = Release|Any CPU
		{0770FEC8-470E-4487-834C-30F90707E949}.Release|Any CPU.Build.0 = Release|Any CPU
		{0770FEC8-470E-4487-834C-30F90707E949}.Release|x64.ActiveCfg = Release|Any CPU
		{0770FEC8-470E-4487-834C-30F90707E949}.Release|x64.Build.0 = Release|Any CPU
		{0770FEC8-470E-4487-834C-30F90707E949}.Release|x86.ActiveCfg = Release|Any CPU
		{0770FEC8-470E-4487-834C-30F90707E949}.Release|x86.Build.0 = Release|Any CPU
		{C550B52A-26CB-4EF6-9B65-1FC9A7D84CBE}.Debug|Any CPU.ActiveCfg = Debug|Any CPU
		{C550B52A-26CB-4EF6-9B65-1FC9A7D84CBE}.Debug|Any CPU.Build.0 = Debug|Any CPU
		{C550B52A-26CB-4EF6-9B65-1FC9A7D84CBE}.Debug|x64.ActiveCfg = Debug|Any CPU
		{C550B52A-26CB-4EF6-9B65-1FC9A7D84CBE}.Debug|x64.Build.0 = Debug|Any CPU
		{C550B52A-26CB-4EF6-9B65-1FC9A7D84CBE}.Debug|x86.ActiveCfg = Debug|Any CPU
		{C550B52A-26CB-4EF6-9B65-1FC9A7D84CBE}.Debug|x86.Build.0 = Debug|Any CPU
		{C550B52A-26CB-4EF6-9B65-1FC9A7D84CBE}.Release|Any CPU.ActiveCfg = Release|Any CPU
		{C550B52A-26CB-4EF6-9B65-1FC9A7D84CBE}.Release|Any CPU.Build.0 = Release|Any CPU
		{C550B52A-26CB-4EF6-9B65-1FC9A7D84CBE}.Release|x64.ActiveCfg = Release|Any CPU
		{C550B52A-26CB-4EF6-9B65-1FC9A7D84CBE}.Release|x64.Build.0 = Release|Any CPU
		{C550B52A-26CB-4EF6-9B65-1FC9A7D84CBE}.Release|x86.ActiveCfg = Release|Any CPU
		{C550B52A-26CB-4EF6-9B65-1FC9A7D84CBE}.Release|x86.Build.0 = Release|Any CPU
		{4D9A7E86-9BE2-4F90-87FE-5C015F15C4AF}.Debug|Any CPU.ActiveCfg = Debug|Any CPU
		{4D9A7E86-9BE2-4F90-87FE-5C015F15C4AF}.Debug|Any CPU.Build.0 = Debug|Any CPU
		{4D9A7E86-9BE2-4F90-87FE-5C015F15C4AF}.Debug|x64.ActiveCfg = Debug|Any CPU
		{4D9A7E86-9BE2-4F90-87FE-5C015F15C4AF}.Debug|x64.Build.0 = Debug|Any CPU
		{4D9A7E86-9BE2-4F90-87FE-5C015F15C4AF}.Debug|x86.ActiveCfg = Debug|Any CPU
		{4D9A7E86-9BE2-4F90-87FE-5C015F15C4AF}.Debug|x86.Build.0 = Debug|Any CPU
		{4D9A7E86-9BE2-4F90-87FE-5C015F15C4AF}.Release|Any CPU.ActiveCfg = Release|Any CPU
		{4D9A7E86-9BE2-4F90-87FE-5C015F15C4AF}.Release|Any CPU.Build.0 = Release|Any CPU
		{4D9A7E86-9BE2-4F90-87FE-5C015F15C4AF}.Release|x64.ActiveCfg = Release|Any CPU
		{4D9A7E86-9BE2-4F90-87FE-5C015F15C4AF}.Release|x64.Build.0 = Release|Any CPU
		{4D9A7E86-9BE2-4F90-87FE-5C015F15C4AF}.Release|x86.ActiveCfg = Release|Any CPU
		{4D9A7E86-9BE2-4F90-87FE-5C015F15C4AF}.Release|x86.Build.0 = Release|Any CPU
		{DCE49CBF-49FB-4D4C-A74C-61F890ED7DC9}.Debug|Any CPU.ActiveCfg = Debug|Any CPU
		{DCE49CBF-49FB-4D4C-A74C-61F890ED7DC9}.Debug|Any CPU.Build.0 = Debug|Any CPU
		{DCE49CBF-49FB-4D4C-A74C-61F890ED7DC9}.Debug|x64.ActiveCfg = Debug|Any CPU
		{DCE49CBF-49FB-4D4C-A74C-61F890ED7DC9}.Debug|x64.Build.0 = Debug|Any CPU
		{DCE49CBF-49FB-4D4C-A74C-61F890ED7DC9}.Debug|x86.ActiveCfg = Debug|Any CPU
		{DCE49CBF-49FB-4D4C-A74C-61F890ED7DC9}.Debug|x86.Build.0 = Debug|Any CPU
		{DCE49CBF-49FB-4D4C-A74C-61F890ED7DC9}.Release|Any CPU.ActiveCfg = Release|Any CPU
		{DCE49CBF-49FB-4D4C-A74C-61F890ED7DC9}.Release|Any CPU.Build.0 = Release|Any CPU
		{DCE49CBF-49FB-4D4C-A74C-61F890ED7DC9}.Release|x64.ActiveCfg = Release|Any CPU
		{DCE49CBF-49FB-4D4C-A74C-61F890ED7DC9}.Release|x64.Build.0 = Release|Any CPU
		{DCE49CBF-49FB-4D4C-A74C-61F890ED7DC9}.Release|x86.ActiveCfg = Release|Any CPU
		{DCE49CBF-49FB-4D4C-A74C-61F890ED7DC9}.Release|x86.Build.0 = Release|Any CPU
		{1A99A883-7F9A-42BF-A2FA-F6D19F0B94DA}.Debug|Any CPU.ActiveCfg = Debug|Any CPU
		{1A99A883-7F9A-42BF-A2FA-F6D19F0B94DA}.Debug|Any CPU.Build.0 = Debug|Any CPU
		{1A99A883-7F9A-42BF-A2FA-F6D19F0B94DA}.Debug|x64.ActiveCfg = Debug|Any CPU
		{1A99A883-7F9A-42BF-A2FA-F6D19F0B94DA}.Debug|x64.Build.0 = Debug|Any CPU
		{1A99A883-7F9A-42BF-A2FA-F6D19F0B94DA}.Debug|x86.ActiveCfg = Debug|Any CPU
		{1A99A883-7F9A-42BF-A2FA-F6D19F0B94DA}.Debug|x86.Build.0 = Debug|Any CPU
		{1A99A883-7F9A-42BF-A2FA-F6D19F0B94DA}.Release|Any CPU.ActiveCfg = Release|Any CPU
		{1A99A883-7F9A-42BF-A2FA-F6D19F0B94DA}.Release|Any CPU.Build.0 = Release|Any CPU
		{1A99A883-7F9A-42BF-A2FA-F6D19F0B94DA}.Release|x64.ActiveCfg = Release|Any CPU
		{1A99A883-7F9A-42BF-A2FA-F6D19F0B94DA}.Release|x64.Build.0 = Release|Any CPU
		{1A99A883-7F9A-42BF-A2FA-F6D19F0B94DA}.Release|x86.ActiveCfg = Release|Any CPU
		{1A99A883-7F9A-42BF-A2FA-F6D19F0B94DA}.Release|x86.Build.0 = Release|Any CPU
		{5FFB7D45-E521-46FA-B805-CD72C604E6B7}.Debug|Any CPU.ActiveCfg = Debug|Any CPU
		{5FFB7D45-E521-46FA-B805-CD72C604E6B7}.Debug|Any CPU.Build.0 = Debug|Any CPU
		{5FFB7D45-E521-46FA-B805-CD72C604E6B7}.Debug|x64.ActiveCfg = Debug|Any CPU
		{5FFB7D45-E521-46FA-B805-CD72C604E6B7}.Debug|x64.Build.0 = Debug|Any CPU
		{5FFB7D45-E521-46FA-B805-CD72C604E6B7}.Debug|x86.ActiveCfg = Debug|Any CPU
		{5FFB7D45-E521-46FA-B805-CD72C604E6B7}.Debug|x86.Build.0 = Debug|Any CPU
		{5FFB7D45-E521-46FA-B805-CD72C604E6B7}.Release|Any CPU.ActiveCfg = Release|Any CPU
		{5FFB7D45-E521-46FA-B805-CD72C604E6B7}.Release|Any CPU.Build.0 = Release|Any CPU
		{5FFB7D45-E521-46FA-B805-CD72C604E6B7}.Release|x64.ActiveCfg = Release|Any CPU
		{5FFB7D45-E521-46FA-B805-CD72C604E6B7}.Release|x64.Build.0 = Release|Any CPU
		{5FFB7D45-E521-46FA-B805-CD72C604E6B7}.Release|x86.ActiveCfg = Release|Any CPU
		{5FFB7D45-E521-46FA-B805-CD72C604E6B7}.Release|x86.Build.0 = Release|Any CPU
		{B5D24C5C-2992-41B9-8AC2-C9F7E2EF3F01}.Debug|Any CPU.ActiveCfg = Debug|Any CPU
		{B5D24C5C-2992-41B9-8AC2-C9F7E2EF3F01}.Debug|Any CPU.Build.0 = Debug|Any CPU
		{B5D24C5C-2992-41B9-8AC2-C9F7E2EF3F01}.Debug|x64.ActiveCfg = Debug|Any CPU
		{B5D24C5C-2992-41B9-8AC2-C9F7E2EF3F01}.Debug|x64.Build.0 = Debug|Any CPU
		{B5D24C5C-2992-41B9-8AC2-C9F7E2EF3F01}.Debug|x86.ActiveCfg = Debug|Any CPU
		{B5D24C5C-2992-41B9-8AC2-C9F7E2EF3F01}.Debug|x86.Build.0 = Debug|Any CPU
		{B5D24C5C-2992-41B9-8AC2-C9F7E2EF3F01}.Release|Any CPU.ActiveCfg = Release|Any CPU
		{B5D24C5C-2992-41B9-8AC2-C9F7E2EF3F01}.Release|Any CPU.Build.0 = Release|Any CPU
		{B5D24C5C-2992-41B9-8AC2-C9F7E2EF3F01}.Release|x64.ActiveCfg = Release|Any CPU
		{B5D24C5C-2992-41B9-8AC2-C9F7E2EF3F01}.Release|x64.Build.0 = Release|Any CPU
		{B5D24C5C-2992-41B9-8AC2-C9F7E2EF3F01}.Release|x86.ActiveCfg = Release|Any CPU
		{B5D24C5C-2992-41B9-8AC2-C9F7E2EF3F01}.Release|x86.Build.0 = Release|Any CPU
		{8E2CDAB8-F240-46DF-86A4-BBE09DF35BF2}.Debug|Any CPU.ActiveCfg = Debug|Any CPU
		{8E2CDAB8-F240-46DF-86A4-BBE09DF35BF2}.Debug|Any CPU.Build.0 = Debug|Any CPU
		{8E2CDAB8-F240-46DF-86A4-BBE09DF35BF2}.Debug|x64.ActiveCfg = Debug|Any CPU
		{8E2CDAB8-F240-46DF-86A4-BBE09DF35BF2}.Debug|x64.Build.0 = Debug|Any CPU
		{8E2CDAB8-F240-46DF-86A4-BBE09DF35BF2}.Debug|x86.ActiveCfg = Debug|Any CPU
		{8E2CDAB8-F240-46DF-86A4-BBE09DF35BF2}.Debug|x86.Build.0 = Debug|Any CPU
		{8E2CDAB8-F240-46DF-86A4-BBE09DF35BF2}.Release|Any CPU.ActiveCfg = Release|Any CPU
		{8E2CDAB8-F240-46DF-86A4-BBE09DF35BF2}.Release|Any CPU.Build.0 = Release|Any CPU
		{8E2CDAB8-F240-46DF-86A4-BBE09DF35BF2}.Release|x64.ActiveCfg = Release|Any CPU
		{8E2CDAB8-F240-46DF-86A4-BBE09DF35BF2}.Release|x64.Build.0 = Release|Any CPU
		{8E2CDAB8-F240-46DF-86A4-BBE09DF35BF2}.Release|x86.ActiveCfg = Release|Any CPU
		{8E2CDAB8-F240-46DF-86A4-BBE09DF35BF2}.Release|x86.Build.0 = Release|Any CPU
		{07237153-BA75-4B35-8CB3-6B25B8EDED51}.Debug|Any CPU.ActiveCfg = Debug|Any CPU
		{07237153-BA75-4B35-8CB3-6B25B8EDED51}.Debug|Any CPU.Build.0 = Debug|Any CPU
		{07237153-BA75-4B35-8CB3-6B25B8EDED51}.Debug|x64.ActiveCfg = Debug|Any CPU
		{07237153-BA75-4B35-8CB3-6B25B8EDED51}.Debug|x64.Build.0 = Debug|Any CPU
		{07237153-BA75-4B35-8CB3-6B25B8EDED51}.Debug|x86.ActiveCfg = Debug|Any CPU
		{07237153-BA75-4B35-8CB3-6B25B8EDED51}.Debug|x86.Build.0 = Debug|Any CPU
		{07237153-BA75-4B35-8CB3-6B25B8EDED51}.Release|Any CPU.ActiveCfg = Release|Any CPU
		{07237153-BA75-4B35-8CB3-6B25B8EDED51}.Release|Any CPU.Build.0 = Release|Any CPU
		{07237153-BA75-4B35-8CB3-6B25B8EDED51}.Release|x64.ActiveCfg = Release|Any CPU
		{07237153-BA75-4B35-8CB3-6B25B8EDED51}.Release|x64.Build.0 = Release|Any CPU
		{07237153-BA75-4B35-8CB3-6B25B8EDED51}.Release|x86.ActiveCfg = Release|Any CPU
		{07237153-BA75-4B35-8CB3-6B25B8EDED51}.Release|x86.Build.0 = Release|Any CPU
		{D2920C6B-AD60-4539-B7BA-9736E4919F78}.Debug|Any CPU.ActiveCfg = Debug|Any CPU
		{D2920C6B-AD60-4539-B7BA-9736E4919F78}.Debug|Any CPU.Build.0 = Debug|Any CPU
		{D2920C6B-AD60-4539-B7BA-9736E4919F78}.Debug|x64.ActiveCfg = Debug|Any CPU
		{D2920C6B-AD60-4539-B7BA-9736E4919F78}.Debug|x64.Build.0 = Debug|Any CPU
		{D2920C6B-AD60-4539-B7BA-9736E4919F78}.Debug|x86.ActiveCfg = Debug|Any CPU
		{D2920C6B-AD60-4539-B7BA-9736E4919F78}.Debug|x86.Build.0 = Debug|Any CPU
		{D2920C6B-AD60-4539-B7BA-9736E4919F78}.Release|Any CPU.ActiveCfg = Release|Any CPU
		{D2920C6B-AD60-4539-B7BA-9736E4919F78}.Release|Any CPU.Build.0 = Release|Any CPU
		{D2920C6B-AD60-4539-B7BA-9736E4919F78}.Release|x64.ActiveCfg = Release|Any CPU
		{D2920C6B-AD60-4539-B7BA-9736E4919F78}.Release|x64.Build.0 = Release|Any CPU
		{D2920C6B-AD60-4539-B7BA-9736E4919F78}.Release|x86.ActiveCfg = Release|Any CPU
		{D2920C6B-AD60-4539-B7BA-9736E4919F78}.Release|x86.Build.0 = Release|Any CPU
		{0899119F-356C-48C3-93D9-82E0B7038A16}.Debug|Any CPU.ActiveCfg = Debug|Any CPU
		{0899119F-356C-48C3-93D9-82E0B7038A16}.Debug|Any CPU.Build.0 = Debug|Any CPU
		{0899119F-356C-48C3-93D9-82E0B7038A16}.Debug|x64.ActiveCfg = Debug|Any CPU
		{0899119F-356C-48C3-93D9-82E0B7038A16}.Debug|x64.Build.0 = Debug|Any CPU
		{0899119F-356C-48C3-93D9-82E0B7038A16}.Debug|x86.ActiveCfg = Debug|Any CPU
		{0899119F-356C-48C3-93D9-82E0B7038A16}.Debug|x86.Build.0 = Debug|Any CPU
		{0899119F-356C-48C3-93D9-82E0B7038A16}.Release|Any CPU.ActiveCfg = Release|Any CPU
		{0899119F-356C-48C3-93D9-82E0B7038A16}.Release|Any CPU.Build.0 = Release|Any CPU
		{0899119F-356C-48C3-93D9-82E0B7038A16}.Release|x64.ActiveCfg = Release|Any CPU
		{0899119F-356C-48C3-93D9-82E0B7038A16}.Release|x64.Build.0 = Release|Any CPU
		{0899119F-356C-48C3-93D9-82E0B7038A16}.Release|x86.ActiveCfg = Release|Any CPU
		{0899119F-356C-48C3-93D9-82E0B7038A16}.Release|x86.Build.0 = Release|Any CPU
		{C63A31AB-96C7-470F-B344-A743658932DE}.Debug|Any CPU.ActiveCfg = Debug|Any CPU
		{C63A31AB-96C7-470F-B344-A743658932DE}.Debug|Any CPU.Build.0 = Debug|Any CPU
		{C63A31AB-96C7-470F-B344-A743658932DE}.Debug|x64.ActiveCfg = Debug|Any CPU
		{C63A31AB-96C7-470F-B344-A743658932DE}.Debug|x64.Build.0 = Debug|Any CPU
		{C63A31AB-96C7-470F-B344-A743658932DE}.Debug|x86.ActiveCfg = Debug|Any CPU
		{C63A31AB-96C7-470F-B344-A743658932DE}.Debug|x86.Build.0 = Debug|Any CPU
		{C63A31AB-96C7-470F-B344-A743658932DE}.Release|Any CPU.ActiveCfg = Release|Any CPU
		{C63A31AB-96C7-470F-B344-A743658932DE}.Release|Any CPU.Build.0 = Release|Any CPU
		{C63A31AB-96C7-470F-B344-A743658932DE}.Release|x64.ActiveCfg = Release|Any CPU
		{C63A31AB-96C7-470F-B344-A743658932DE}.Release|x64.Build.0 = Release|Any CPU
		{C63A31AB-96C7-470F-B344-A743658932DE}.Release|x86.ActiveCfg = Release|Any CPU
		{C63A31AB-96C7-470F-B344-A743658932DE}.Release|x86.Build.0 = Release|Any CPU
		{BD425929-5A16-4883-8D02-1E1EA76C7C84}.Debug|Any CPU.ActiveCfg = Debug|Any CPU
		{BD425929-5A16-4883-8D02-1E1EA76C7C84}.Debug|Any CPU.Build.0 = Debug|Any CPU
		{BD425929-5A16-4883-8D02-1E1EA76C7C84}.Debug|x64.ActiveCfg = Debug|Any CPU
		{BD425929-5A16-4883-8D02-1E1EA76C7C84}.Debug|x64.Build.0 = Debug|Any CPU
		{BD425929-5A16-4883-8D02-1E1EA76C7C84}.Debug|x86.ActiveCfg = Debug|Any CPU
		{BD425929-5A16-4883-8D02-1E1EA76C7C84}.Debug|x86.Build.0 = Debug|Any CPU
		{BD425929-5A16-4883-8D02-1E1EA76C7C84}.Release|Any CPU.ActiveCfg = Release|Any CPU
		{BD425929-5A16-4883-8D02-1E1EA76C7C84}.Release|Any CPU.Build.0 = Release|Any CPU
		{BD425929-5A16-4883-8D02-1E1EA76C7C84}.Release|x64.ActiveCfg = Release|Any CPU
		{BD425929-5A16-4883-8D02-1E1EA76C7C84}.Release|x64.Build.0 = Release|Any CPU
		{BD425929-5A16-4883-8D02-1E1EA76C7C84}.Release|x86.ActiveCfg = Release|Any CPU
		{BD425929-5A16-4883-8D02-1E1EA76C7C84}.Release|x86.Build.0 = Release|Any CPU
		{C8C5568B-6CA3-4DB1-B5E0-0E83394B4553}.Debug|Any CPU.ActiveCfg = Debug|Any CPU
		{C8C5568B-6CA3-4DB1-B5E0-0E83394B4553}.Debug|Any CPU.Build.0 = Debug|Any CPU
		{C8C5568B-6CA3-4DB1-B5E0-0E83394B4553}.Debug|x64.ActiveCfg = Debug|Any CPU
		{C8C5568B-6CA3-4DB1-B5E0-0E83394B4553}.Debug|x64.Build.0 = Debug|Any CPU
		{C8C5568B-6CA3-4DB1-B5E0-0E83394B4553}.Debug|x86.ActiveCfg = Debug|Any CPU
		{C8C5568B-6CA3-4DB1-B5E0-0E83394B4553}.Debug|x86.Build.0 = Debug|Any CPU
		{C8C5568B-6CA3-4DB1-B5E0-0E83394B4553}.Release|Any CPU.ActiveCfg = Release|Any CPU
		{C8C5568B-6CA3-4DB1-B5E0-0E83394B4553}.Release|Any CPU.Build.0 = Release|Any CPU
		{C8C5568B-6CA3-4DB1-B5E0-0E83394B4553}.Release|x64.ActiveCfg = Release|Any CPU
		{C8C5568B-6CA3-4DB1-B5E0-0E83394B4553}.Release|x64.Build.0 = Release|Any CPU
		{C8C5568B-6CA3-4DB1-B5E0-0E83394B4553}.Release|x86.ActiveCfg = Release|Any CPU
		{C8C5568B-6CA3-4DB1-B5E0-0E83394B4553}.Release|x86.Build.0 = Release|Any CPU
		{1E267773-06AF-403B-8568-F017273BDA8A}.Debug|Any CPU.ActiveCfg = Debug|Any CPU
		{1E267773-06AF-403B-8568-F017273BDA8A}.Debug|Any CPU.Build.0 = Debug|Any CPU
		{1E267773-06AF-403B-8568-F017273BDA8A}.Debug|x64.ActiveCfg = Debug|Any CPU
		{1E267773-06AF-403B-8568-F017273BDA8A}.Debug|x64.Build.0 = Debug|Any CPU
		{1E267773-06AF-403B-8568-F017273BDA8A}.Debug|x86.ActiveCfg = Debug|Any CPU
		{1E267773-06AF-403B-8568-F017273BDA8A}.Debug|x86.Build.0 = Debug|Any CPU
		{1E267773-06AF-403B-8568-F017273BDA8A}.Release|Any CPU.ActiveCfg = Release|Any CPU
		{1E267773-06AF-403B-8568-F017273BDA8A}.Release|Any CPU.Build.0 = Release|Any CPU
		{1E267773-06AF-403B-8568-F017273BDA8A}.Release|x64.ActiveCfg = Release|Any CPU
		{1E267773-06AF-403B-8568-F017273BDA8A}.Release|x64.Build.0 = Release|Any CPU
		{1E267773-06AF-403B-8568-F017273BDA8A}.Release|x86.ActiveCfg = Release|Any CPU
		{1E267773-06AF-403B-8568-F017273BDA8A}.Release|x86.Build.0 = Release|Any CPU
		{F8B78643-AFC6-45F8-B3B3-45D82D56122A}.Debug|Any CPU.ActiveCfg = Debug|Any CPU
		{F8B78643-AFC6-45F8-B3B3-45D82D56122A}.Debug|Any CPU.Build.0 = Debug|Any CPU
		{F8B78643-AFC6-45F8-B3B3-45D82D56122A}.Debug|x64.ActiveCfg = Debug|Any CPU
		{F8B78643-AFC6-45F8-B3B3-45D82D56122A}.Debug|x64.Build.0 = Debug|Any CPU
		{F8B78643-AFC6-45F8-B3B3-45D82D56122A}.Debug|x86.ActiveCfg = Debug|Any CPU
		{F8B78643-AFC6-45F8-B3B3-45D82D56122A}.Debug|x86.Build.0 = Debug|Any CPU
		{F8B78643-AFC6-45F8-B3B3-45D82D56122A}.Release|Any CPU.ActiveCfg = Release|Any CPU
		{F8B78643-AFC6-45F8-B3B3-45D82D56122A}.Release|Any CPU.Build.0 = Release|Any CPU
		{F8B78643-AFC6-45F8-B3B3-45D82D56122A}.Release|x64.ActiveCfg = Release|Any CPU
		{F8B78643-AFC6-45F8-B3B3-45D82D56122A}.Release|x64.Build.0 = Release|Any CPU
		{F8B78643-AFC6-45F8-B3B3-45D82D56122A}.Release|x86.ActiveCfg = Release|Any CPU
		{F8B78643-AFC6-45F8-B3B3-45D82D56122A}.Release|x86.Build.0 = Release|Any CPU
	EndGlobalSection
	GlobalSection(SolutionProperties) = preSolution
		HideSolutionNode = FALSE
	EndGlobalSection
	GlobalSection(NestedProjects) = preSolution
		{8CF3BF55-74D3-472C-AFED-88740F464190} = {86E83C5C-AD8F-4A16-B43B-B91F36BD44BA}
		{4F722412-FF3F-45E1-B7B9-70A08FC900C5} = {8CF3BF55-74D3-472C-AFED-88740F464190}
		{28B80D01-E487-483B-92A1-08AD806543C6} = {8CF3BF55-74D3-472C-AFED-88740F464190}
		{B12B0794-2F24-4D50-8FAC-6734E44D13B5} = {8CF3BF55-74D3-472C-AFED-88740F464190}
		{1A350BD9-E12A-4347-901D-43934BDB0F49} = {8CF3BF55-74D3-472C-AFED-88740F464190}
		{E4A86D5C-EC17-4E09-9B4A-915DBD4164B2} = {8CF3BF55-74D3-472C-AFED-88740F464190}
		{6BD064CF-2A97-46E3-8059-255D2716C453} = {8CF3BF55-74D3-472C-AFED-88740F464190}
		{0770FEC8-470E-4487-834C-30F90707E949} = {8CF3BF55-74D3-472C-AFED-88740F464190}
		{C550B52A-26CB-4EF6-9B65-1FC9A7D84CBE} = {8CF3BF55-74D3-472C-AFED-88740F464190}
		{4D9A7E86-9BE2-4F90-87FE-5C015F15C4AF} = {8CF3BF55-74D3-472C-AFED-88740F464190}
		{DCE49CBF-49FB-4D4C-A74C-61F890ED7DC9} = {8CF3BF55-74D3-472C-AFED-88740F464190}
		{1A99A883-7F9A-42BF-A2FA-F6D19F0B94DA} = {8CF3BF55-74D3-472C-AFED-88740F464190}
		{5FFB7D45-E521-46FA-B805-CD72C604E6B7} = {8CF3BF55-74D3-472C-AFED-88740F464190}
		{B5D24C5C-2992-41B9-8AC2-C9F7E2EF3F01} = {8CF3BF55-74D3-472C-AFED-88740F464190}
		{8E2CDAB8-F240-46DF-86A4-BBE09DF35BF2} = {86E83C5C-AD8F-4A16-B43B-B91F36BD44BA}
		{07237153-BA75-4B35-8CB3-6B25B8EDED51} = {8CF3BF55-74D3-472C-AFED-88740F464190}
		{D2920C6B-AD60-4539-B7BA-9736E4919F78} = {8CF3BF55-74D3-472C-AFED-88740F464190}
		{0899119F-356C-48C3-93D9-82E0B7038A16} = {8CF3BF55-74D3-472C-AFED-88740F464190}
		{C63A31AB-96C7-470F-B344-A743658932DE} = {8CF3BF55-74D3-472C-AFED-88740F464190}
		{BD425929-5A16-4883-8D02-1E1EA76C7C84} = {8CF3BF55-74D3-472C-AFED-88740F464190}
		{1E267773-06AF-403B-8568-F017273BDA8A} = {86E83C5C-AD8F-4A16-B43B-B91F36BD44BA}
		{F8B78643-AFC6-45F8-B3B3-45D82D56122A} = {8CF3BF55-74D3-472C-AFED-88740F464190}
	EndGlobalSection
	GlobalSection(ExtensibilityGlobals) = postSolution
		SolutionGuid = {5A6D0E7D-1248-4422-801D-AEEBD3E7AA0C}
	EndGlobalSection
EndGlobal
